
Microsoft Visual Studio Solution File, Format Version 12.00
# Visual Studio Version 16
VisualStudioVersion = 16.0.31313.79
MinimumVisualStudioVersion = 10.0.40219.1
Project("{9A19103F-16F7-4668-BE54-9A1E7A4F7556}") = "PictureReflection", "PictureReflection\PictureReflection.csproj", "{A97A1315-585D-444B-AE23-D39960B71E88}"
EndProject
Project("{FAE04EC0-301F-11D3-BF4B-00C04F79EFBC}") = "PluginsLib", "PluginsLib\PluginsLib.csproj", "{DA39AD31-40CF-42E1-A622-5F48D1E50301}"
EndProject
Project("{FAE04EC0-301F-11D3-BF4B-00C04F79EFBC}") = "PluginInterface", "communicatingLib\PluginInterface.csproj", "{BA6B6B3A-70C0-4885-8E13-BD8D6A0272E2}"
EndProject
Global
	GlobalSection(SolutionConfigurationPlatforms) = preSolution
		Debug|Any CPU = Debug|Any CPU
		Release|Any CPU = Release|Any CPU
	EndGlobalSection
	GlobalSection(ProjectConfigurationPlatforms) = postSolution
		{A97A1315-585D-444B-AE23-D39960B71E88}.Debug|Any CPU.ActiveCfg = Debug|Any CPU
		{A97A1315-585D-444B-AE23-D39960B71E88}.Debug|Any CPU.Build.0 = Debug|Any CPU
		{A97A1315-585D-444B-AE23-D39960B71E88}.Release|Any CPU.ActiveCfg = Release|Any CPU
		{A97A1315-585D-444B-AE23-D39960B71E88}.Release|Any CPU.Build.0 = Release|Any CPU
		{DA39AD31-40CF-42E1-A622-5F48D1E50301}.Debug|Any CPU.ActiveCfg = Debug|Any CPU
		{DA39AD31-40CF-42E1-A622-5F48D1E50301}.Debug|Any CPU.Build.0 = Debug|Any CPU
		{DA39AD31-40CF-42E1-A622-5F48D1E50301}.Release|Any CPU.ActiveCfg = Release|Any CPU
		{DA39AD31-40CF-42E1-A622-5F48D1E50301}.Release|Any CPU.Build.0 = Release|Any CPU
		{BA6B6B3A-70C0-4885-8E13-BD8D6A0272E2}.Debug|Any CPU.ActiveCfg = Debug|Any CPU
		{BA6B6B3A-70C0-4885-8E13-BD8D6A0272E2}.Debug|Any CPU.Build.0 = Debug|Any CPU
		{BA6B6B3A-70C0-4885-8E13-BD8D6A0272E2}.Release|Any CPU.ActiveCfg = Release|Any CPU
		{BA6B6B3A-70C0-4885-8E13-BD8D6A0272E2}.Release|Any CPU.Build.0 = Release|Any CPU
	EndGlobalSection
	GlobalSection(SolutionProperties) = preSolution
		HideSolutionNode = FALSE
	EndGlobalSection
	GlobalSection(ExtensibilityGlobals) = postSolution
		SolutionGuid = {0BF09200-17F4-4373-83F3-0EDC67D39C80}
	EndGlobalSection
EndGlobal
